{
  "originHash" : "c0084460cb4cca084a2be63930dfbbb3108306bd7f43464f86c569dd6ecc4dcc",
  "pins" : [
    {
      "identity" : "agorainfra_ios",
      "kind" : "remoteSourceControl",
      "location" : "https://github.com/AgoraIO/AgoraInfra_iOS.git",
      "state" : {
        "revision" : "0071cecee99160f056c943ee6bfca06685ffa3d7",
        "version" : "1.3.0"
      }
    },
    {
      "identity" : "agorartcengine_ios",
      "kind" : "remoteSourceControl",
      "location" : "https://github.com/AgoraIO/AgoraRtcEngine_iOS.git",
      "state" : {
        "revision" : "c1224ad3e316db15a4ac48a6ff08208f7bcf5238",
        "version" : "4.6.0"
      }
    },
    {
      "identity" : "agorartm_apple",
      "kind" : "remoteSourceControl",
      "location" : "https://github.com/AgoraIO/AgoraRtm_Apple.git",
      "state" : {
        "revision" : "078399d7698105bc0f9accd41a990b91ecdb4d60",
        "version" : "2.2.4"
      }
    }
  ],
  "version" : 3
}
